
Microsoft Visual Studio Solution File, Format Version 12.00
Project("{FAE04EC0-301F-11D3-BF4B-00C04F79EFBC}") = "Classes", "Classes\Classes.csproj", "{61D75A25-636A-4A18-914E-C95BF85841B1}"
EndProject
Project("{FAE04EC0-301F-11D3-BF4B-00C04F79EFBC}") = "ClassesStructsRecords", "ClassesStructsRecords\ClassesStructsRecords.csproj", "{1E190395-5D07-4A47-BE84-CF250C18598D}"
EndProject
Project("{FAE04EC0-301F-11D3-BF4B-00C04F79EFBC}") = "Interfaces", "Interfaces\Interfaces.csproj", "{4185D087-674B-45C1-86F4-19DC48C7B0CF}"
EndProject
Project("{FAE04EC0-301F-11D3-BF4B-00C04F79EFBC}") = "GenericsAndAnonymousTypes", "GenericsAndAnonymousTypes\GenericsAndAnonymousTypes.csproj", "{477198A7-CE76-47FB-9BD8-52E4C2295801}"
EndProject
Project("{FAE04EC0-301F-11D3-BF4B-00C04F79EFBC}") = "TuplesAndSwitchStatement", "TuplesAndSwitchStatement\TuplesAndSwitchStatement.csproj", "{87A411CE-88A4-4F4A-BA77-AEA8AB70B021}"
EndProject
Project("{FAE04EC0-301F-11D3-BF4B-00C04F79EFBC}") = "OOP", "OOP\OOP.csproj", "{14306EFA-52A2-4D68-99DB-D50FE24EB0EE}"
EndProject
Project("{FAE04EC0-301F-11D3-BF4B-00C04F79EFBC}") = "CarsApp", "CarsApp\CarsApp.csproj", "{FD5DE7CB-DFB1-40A6-A66A-159AF1C1F372}"
EndProject
Global
	GlobalSection(SolutionConfigurationPlatforms) = preSolution
		Debug|Any CPU = Debug|Any CPU
		Release|Any CPU = Release|Any CPU
	EndGlobalSection
	GlobalSection(ProjectConfigurationPlatforms) = postSolution
		{61D75A25-636A-4A18-914E-C95BF85841B1}.Debug|Any CPU.ActiveCfg = Debug|Any CPU
		{61D75A25-636A-4A18-914E-C95BF85841B1}.Debug|Any CPU.Build.0 = Debug|Any CPU
		{61D75A25-636A-4A18-914E-C95BF85841B1}.Release|Any CPU.ActiveCfg = Release|Any CPU
		{61D75A25-636A-4A18-914E-C95BF85841B1}.Release|Any CPU.Build.0 = Release|Any CPU
		{1E190395-5D07-4A47-BE84-CF250C18598D}.Debug|Any CPU.ActiveCfg = Debug|Any CPU
		{1E190395-5D07-4A47-BE84-CF250C18598D}.Debug|Any CPU.Build.0 = Debug|Any CPU
		{1E190395-5D07-4A47-BE84-CF250C18598D}.Release|Any CPU.ActiveCfg = Release|Any CPU
		{1E190395-5D07-4A47-BE84-CF250C18598D}.Release|Any CPU.Build.0 = Release|Any CPU
		{4185D087-674B-45C1-86F4-19DC48C7B0CF}.Debug|Any CPU.ActiveCfg = Debug|Any CPU
		{4185D087-674B-45C1-86F4-19DC48C7B0CF}.Debug|Any CPU.Build.0 = Debug|Any CPU
		{4185D087-674B-45C1-86F4-19DC48C7B0CF}.Release|Any CPU.ActiveCfg = Release|Any CPU
		{4185D087-674B-45C1-86F4-19DC48C7B0CF}.Release|Any CPU.Build.0 = Release|Any CPU
		{477198A7-CE76-47FB-9BD8-52E4C2295801}.Debug|Any CPU.ActiveCfg = Debug|Any CPU
		{477198A7-CE76-47FB-9BD8-52E4C2295801}.Debug|Any CPU.Build.0 = Debug|Any CPU
		{477198A7-CE76-47FB-9BD8-52E4C2295801}.Release|Any CPU.ActiveCfg = Release|Any CPU
		{477198A7-CE76-47FB-9BD8-52E4C2295801}.Release|Any CPU.Build.0 = Release|Any CPU
		{87A411CE-88A4-4F4A-BA77-AEA8AB70B021}.Debug|Any CPU.ActiveCfg = Debug|Any CPU
		{87A411CE-88A4-4F4A-BA77-AEA8AB70B021}.Debug|Any CPU.Build.0 = Debug|Any CPU
		{87A411CE-88A4-4F4A-BA77-AEA8AB70B021}.Release|Any CPU.ActiveCfg = Release|Any CPU
		{87A411CE-88A4-4F4A-BA77-AEA8AB70B021}.Release|Any CPU.Build.0 = Release|Any CPU
		{14306EFA-52A2-4D68-99DB-D50FE24EB0EE}.Debug|Any CPU.ActiveCfg = Debug|Any CPU
		{14306EFA-52A2-4D68-99DB-D50FE24EB0EE}.Debug|Any CPU.Build.0 = Debug|Any CPU
		{14306EFA-52A2-4D68-99DB-D50FE24EB0EE}.Release|Any CPU.ActiveCfg = Release|Any CPU
		{14306EFA-52A2-4D68-99DB-D50FE24EB0EE}.Release|Any CPU.Build.0 = Release|Any CPU
		{FD5DE7CB-DFB1-40A6-A66A-159AF1C1F372}.Debug|Any CPU.ActiveCfg = Debug|Any CPU
		{FD5DE7CB-DFB1-40A6-A66A-159AF1C1F372}.Debug|Any CPU.Build.0 = Debug|Any CPU
		{FD5DE7CB-DFB1-40A6-A66A-159AF1C1F372}.Release|Any CPU.ActiveCfg = Release|Any CPU
		{FD5DE7CB-DFB1-40A6-A66A-159AF1C1F372}.Release|Any CPU.Build.0 = Release|Any CPU
	EndGlobalSection
EndGlobal
